
Microsoft Visual Studio Solution File, Format Version 12.00
# Visual Studio Version 17
VisualStudioVersion = 17.10.34928.147
MinimumVisualStudioVersion = 10.0.40219.1
Project("{FAE04EC0-301F-11D3-BF4B-00C04F79EFBC}") = "RpgBattle", "RpgBattle\RpgBattle.csproj", "{A1958AD7-F185-4454-B752-3243CD35AC23}"
EndProject
Global
	GlobalSection(SolutionConfigurationPlatforms) = preSolution
		Debug|Any CPU = Debug|Any CPU
		Release|Any CPU = Release|Any CPU
	EndGlobalSection
	GlobalSection(ProjectConfigurationPlatforms) = postSolution
		{A1958AD7-F185-4454-B752-3243CD35AC23}.Debug|Any CPU.ActiveCfg = Debug|Any CPU
		{A1958AD7-F185-4454-B752-3243CD35AC23}.Debug|Any CPU.Build.0 = Debug|Any CPU
		{A1958AD7-F185-4454-B752-3243CD35AC23}.Release|Any CPU.ActiveCfg = Release|Any CPU
		{A1958AD7-F185-4454-B752-3243CD35AC23}.Release|Any CPU.Build.0 = Release|Any CPU
	EndGlobalSection
	GlobalSection(SolutionProperties) = preSolution
		HideSolutionNode = FALSE
	EndGlobalSection
	GlobalSection(ExtensibilityGlobals) = postSolution
		SolutionGuid = {087B0C01-EC86-4C72-A788-A42A543EAC8F}
	EndGlobalSection
EndGlobal
